// !$*UTF8*$!
{
	archiveVersion = 1;
	classes = {
	};
	objectVersion = 46;
	objects = {

/* Begin PBXBuildFile section */
		0A4CF1C81BCDC8A200309858 /* Button.cpp in Sources */ = {isa = PBXBuildFile; fileRef = 0A4CF1BD1BCDC8A200309858 /* Button.cpp */; settings = {ASSET_TAGS = (); }; };
		0A4CF1CC1BCDC8A200309858 /* ImageView.cpp in Sources */ = {isa = PBXBuildFile; fileRef = 0A4CF1C11BCDC8A200309858 /* ImageView.cpp */; settings = {ASSET_TAGS = (); }; };
		0A4CF1CD1BCDC8A200309858 /* Label.cpp in Sources */ = {isa = PBXBuildFile; fileRef = 0A4CF1C21BCDC8A200309858 /* Label.cpp */; settings = {ASSET_TAGS = (); }; };
		0A4CF1CF1BCDC8A200309858 /* Meter.cpp in Sources */ = {isa = PBXBuildFile; fileRef = 0A4CF1C41BCDC8A200309858 /* Meter.cpp */; settings = {ASSET_TAGS = (); }; };
		0A4CF1D01BCDC8A200309858 /* View.cpp in Sources */ = {isa = PBXBuildFile; fileRef = 0A4CF1C51BCDC8A200309858 /* View.cpp */; settings = {ASSET_TAGS = (); }; };
		0A4CF1D11BCDC8A200309858 /* ViewController.cpp in Sources */ = {isa = PBXBuildFile; fileRef = 0A4CF1C61BCDC8A200309858 /* ViewController.cpp */; settings = {ASSET_TAGS = (); }; };
		0A4CF1E01BCDC8AC00309858 /* Button.h in Headers */ = {isa = PBXBuildFile; fileRef = 0A4CF1D31BCDC8AC00309858 /* Button.h */; settings = {ASSET_TAGS = (); }; };
		0A4CF1E41BCDC8AC00309858 /* IFSGUI.h in Headers */ = {isa = PBXBuildFile; fileRef = 0A4CF1D71BCDC8AC00309858 /* IFSGUI.h */; settings = {ASSET_TAGS = (); }; };
		0A4CF1E51BCDC8AC00309858 /* IFSGUISettings.h in Headers */ = {isa = PBXBuildFile; fileRef = 0A4CF1D81BCDC8AC00309858 /* IFSGUISettings.h */; settings = {ASSET_TAGS = (); }; };
		0A4CF1E61BCDC8AC00309858 /* ImageView.h in Headers */ = {isa = PBXBuildFile; fileRef = 0A4CF1D91BCDC8AC00309858 /* ImageView.h */; settings = {ASSET_TAGS = (); }; };
		0A4CF1E71BCDC8AC00309858 /* Label.h in Headers */ = {isa = PBXBuildFile; fileRef = 0A4CF1DA1BCDC8AC00309858 /* Label.h */; settings = {ASSET_TAGS = (); }; };
		0A4CF1E91BCDC8AC00309858 /* Meter.h in Headers */ = {isa = PBXBuildFile; fileRef = 0A4CF1DC1BCDC8AC00309858 /* Meter.h */; settings = {ASSET_TAGS = (); }; };
		0A4CF1EA1BCDC8AC00309858 /* View.h in Headers */ = {isa = PBXBuildFile; fileRef = 0A4CF1DD1BCDC8AC00309858 /* View.h */; settings = {ASSET_TAGS = (); }; };
		0A4CF1EB1BCDC8AC00309858 /* ViewController.h in Headers */ = {isa = PBXBuildFile; fileRef = 0A4CF1DE1BCDC8AC00309858 /* ViewController.h */; settings = {ASSET_TAGS = (); }; };
		0A4CF1ED1BCDC9E200309858 /* includes.h in Headers */ = {isa = PBXBuildFile; fileRef = 0A4CF1EC1BCDC9E200309858 /* includes.h */; settings = {ASSET_TAGS = (); }; };
		0A4CF1F21BCDCFD000309858 /* SDLManager.cpp in Sources */ = {isa = PBXBuildFile; fileRef = 0A4CF1F01BCDCFD000309858 /* SDLManager.cpp */; settings = {ASSET_TAGS = (); }; };
		0A4CF1F51BCDCFFB00309858 /* SDLManager.h in Headers */ = {isa = PBXBuildFile; fileRef = 0A4CF1F41BCDCFFB00309858 /* SDLManager.h */; settings = {ASSET_TAGS = (); }; };
		0A4CF1F71BCDDBB700309858 /* libSDL2-2.0.0.dylib in Frameworks */ = {isa = PBXBuildFile; fileRef = 0A4CF1F61BCDDBB700309858 /* libSDL2-2.0.0.dylib */; };
		0A4CF1F91BCDDBC900309858 /* libSDL2_image-2.0.0.dylib in Frameworks */ = {isa = PBXBuildFile; fileRef = 0A4CF1F81BCDDBC900309858 /* libSDL2_image-2.0.0.dylib */; };
		0A4CF1FB1BCDDBD600309858 /* libSDL2_mixer-2.0.0.dylib in Frameworks */ = {isa = PBXBuildFile; fileRef = 0A4CF1FA1BCDDBD600309858 /* libSDL2_mixer-2.0.0.dylib */; };
		0A4CF1FD1BCDDBE200309858 /* libSDL2_ttf-2.0.0.dylib in Frameworks */ = {isa = PBXBuildFile; fileRef = 0A4CF1FC1BCDDBE200309858 /* libSDL2_ttf-2.0.0.dylib */; };
		0A4CF1FF1BCDDC2A00309858 /* libboost_system.dylib in Frameworks */ = {isa = PBXBuildFile; fileRef = 0A4CF1FE1BCDDC2A00309858 /* libboost_system.dylib */; };
/* End PBXBuildFile section */

/* Begin PBXFileReference section */
		0A4CF1B01BCDC79000309858 /* libSDL_gui.dylib */ = {isa = PBXFileReference; explicitFileType = "compiled.mach-o.dylib"; includeInIndex = 0; path = libSDL_gui.dylib; sourceTree = BUILT_PRODUCTS_DIR; };
		0A4CF1BD1BCDC8A200309858 /* Button.cpp */ = {isa = PBXFileReference; fileEncoding = 4; lastKnownFileType = sourcecode.cpp.cpp; name = Button.cpp; path = src/Button.cpp; sourceTree = "<group>"; };
		0A4CF1C11BCDC8A200309858 /* ImageView.cpp */ = {isa = PBXFileReference; fileEncoding = 4; lastKnownFileType = sourcecode.cpp.cpp; name = ImageView.cpp; path = src/ImageView.cpp; sourceTree = "<group>"; };
		0A4CF1C21BCDC8A200309858 /* Label.cpp */ = {isa = PBXFileReference; fileEncoding = 4; lastKnownFileType = sourcecode.cpp.cpp; name = Label.cpp; path = src/Label.cpp; sourceTree = "<group>"; };
		0A4CF1C41BCDC8A200309858 /* Meter.cpp */ = {isa = PBXFileReference; fileEncoding = 4; lastKnownFileType = sourcecode.cpp.cpp; name = Meter.cpp; path = src/Meter.cpp; sourceTree = "<group>"; };
		0A4CF1C51BCDC8A200309858 /* View.cpp */ = {isa = PBXFileReference; fileEncoding = 4; lastKnownFileType = sourcecode.cpp.cpp; name = View.cpp; path = src/View.cpp; sourceTree = "<group>"; };
		0A4CF1C61BCDC8A200309858 /* ViewController.cpp */ = {isa = PBXFileReference; fileEncoding = 4; lastKnownFileType = sourcecode.cpp.cpp; name = ViewController.cpp; path = src/ViewController.cpp; sourceTree = "<group>"; };
		0A4CF1D31BCDC8AC00309858 /* Button.h */ = {isa = PBXFileReference; fileEncoding = 4; lastKnownFileType = sourcecode.c.h; name = Button.h; path = include/Button.h; sourceTree = "<group>"; };
		0A4CF1D71BCDC8AC00309858 /* IFSGUI.h */ = {isa = PBXFileReference; fileEncoding = 4; lastKnownFileType = sourcecode.c.h; name = IFSGUI.h; path = include/IFSGUI.h; sourceTree = "<group>"; };
		0A4CF1D81BCDC8AC00309858 /* IFSGUISettings.h */ = {isa = PBXFileReference; fileEncoding = 4; lastKnownFileType = sourcecode.c.h; name = IFSGUISettings.h; path = include/IFSGUISettings.h; sourceTree = "<group>"; };
		0A4CF1D91BCDC8AC00309858 /* ImageView.h */ = {isa = PBXFileReference; fileEncoding = 4; lastKnownFileType = sourcecode.c.h; name = ImageView.h; path = include/ImageView.h; sourceTree = "<group>"; };
		0A4CF1DA1BCDC8AC00309858 /* Label.h */ = {isa = PBXFileReference; fileEncoding = 4; lastKnownFileType = sourcecode.c.h; name = Label.h; path = include/Label.h; sourceTree = "<group>"; };
		0A4CF1DC1BCDC8AC00309858 /* Meter.h */ = {isa = PBXFileReference; fileEncoding = 4; lastKnownFileType = sourcecode.c.h; name = Meter.h; path = include/Meter.h; sourceTree = "<group>"; };
		0A4CF1DD1BCDC8AC00309858 /* View.h */ = {isa = PBXFileReference; fileEncoding = 4; lastKnownFileType = sourcecode.c.h; name = View.h; path = include/View.h; sourceTree = "<group>"; };
		0A4CF1DE1BCDC8AC00309858 /* ViewController.h */ = {isa = PBXFileReference; fileEncoding = 4; lastKnownFileType = sourcecode.c.h; name = ViewController.h; path = include/ViewController.h; sourceTree = "<group>"; };
		0A4CF1EC1BCDC9E200309858 /* includes.h */ = {isa = PBXFileReference; fileEncoding = 4; lastKnownFileType = sourcecode.c.h; path = includes.h; sourceTree = "<group>"; };
		0A4CF1F01BCDCFD000309858 /* SDLManager.cpp */ = {isa = PBXFileReference; fileEncoding = 4; lastKnownFileType = sourcecode.cpp.cpp; name = SDLManager.cpp; path = src/SDLManager.cpp; sourceTree = "<group>"; };
		0A4CF1F41BCDCFFB00309858 /* SDLManager.h */ = {isa = PBXFileReference; fileEncoding = 4; lastKnownFileType = sourcecode.c.h; path = SDLManager.h; sourceTree = "<group>"; };
		0A4CF1F61BCDDBB700309858 /* libSDL2-2.0.0.dylib */ = {isa = PBXFileReference; lastKnownFileType = "compiled.mach-o.dylib"; name = "libSDL2-2.0.0.dylib"; path = "../../../usr/local/Cellar/sdl2/2.0.3/lib/libSDL2-2.0.0.dylib"; sourceTree = "<group>"; };
		0A4CF1F81BCDDBC900309858 /* libSDL2_image-2.0.0.dylib */ = {isa = PBXFileReference; lastKnownFileType = "compiled.mach-o.dylib"; name = "libSDL2_image-2.0.0.dylib"; path = "../../../usr/local/Cellar/sdl2_image/2.0.0_1/lib/libSDL2_image-2.0.0.dylib"; sourceTree = "<group>"; };
		0A4CF1FA1BCDDBD600309858 /* libSDL2_mixer-2.0.0.dylib */ = {isa = PBXFileReference; lastKnownFileType = "compiled.mach-o.dylib"; name = "libSDL2_mixer-2.0.0.dylib"; path = "../../../usr/local/Cellar/sdl2_mixer/2.0.0/lib/libSDL2_mixer-2.0.0.dylib"; sourceTree = "<group>"; };
		0A4CF1FC1BCDDBE200309858 /* libSDL2_ttf-2.0.0.dylib */ = {isa = PBXFileReference; lastKnownFileType = "compiled.mach-o.dylib"; name = "libSDL2_ttf-2.0.0.dylib"; path = "../../../usr/local/Cellar/sdl2_ttf/2.0.12/lib/libSDL2_ttf-2.0.0.dylib"; sourceTree = "<group>"; };
		0A4CF1FE1BCDDC2A00309858 /* libboost_system.dylib */ = {isa = PBXFileReference; lastKnownFileType = "compiled.mach-o.dylib"; name = libboost_system.dylib; path = ../../../usr/local/Cellar/boost/1.58.0/lib/libboost_system.dylib; sourceTree = "<group>"; };
		0A4CF2001BCDDE5F00309858 /* README.md */ = {isa = PBXFileReference; lastKnownFileType = net.daringfireball.markdown; path = README.md; sourceTree = "<group>"; };
/* End PBXFileReference section */

/* Begin PBXFrameworksBuildPhase section */
		0A4CF1AD1BCDC79000309858 /* Frameworks */ = {
			isa = PBXFrameworksBuildPhase;
			buildActionMask = 2147483647;
			files = (
				0A4CF1FF1BCDDC2A00309858 /* libboost_system.dylib in Frameworks */,
				0A4CF1FD1BCDDBE200309858 /* libSDL2_ttf-2.0.0.dylib in Frameworks */,
				0A4CF1FB1BCDDBD600309858 /* libSDL2_mixer-2.0.0.dylib in Frameworks */,
				0A4CF1F91BCDDBC900309858 /* libSDL2_image-2.0.0.dylib in Frameworks */,
				0A4CF1F71BCDDBB700309858 /* libSDL2-2.0.0.dylib in Frameworks */,
			);
			runOnlyForDeploymentPostprocessing = 0;
		};
/* End PBXFrameworksBuildPhase section */

/* Begin PBXGroup section */
		0A4CF1A71BCDC79000309858 = {
			isa = PBXGroup;
			children = (
				0A4CF2001BCDDE5F00309858 /* README.md */,
				0A4CF1FE1BCDDC2A00309858 /* libboost_system.dylib */,
				0A4CF1FC1BCDDBE200309858 /* libSDL2_ttf-2.0.0.dylib */,
				0A4CF1FA1BCDDBD600309858 /* libSDL2_mixer-2.0.0.dylib */,
				0A4CF1F81BCDDBC900309858 /* libSDL2_image-2.0.0.dylib */,
				0A4CF1F61BCDDBB700309858 /* libSDL2-2.0.0.dylib */,
				0A4CF1BB1BCDC89700309858 /* include */,
				0A4CF1BA1BCDC89300309858 /* src */,
				0A4CF1B11BCDC79000309858 /* Products */,
			);
			sourceTree = "<group>";
		};
		0A4CF1B11BCDC79000309858 /* Products */ = {
			isa = PBXGroup;
			children = (
				0A4CF1B01BCDC79000309858 /* libSDL_gui.dylib */,
			);
			name = Products;
			sourceTree = "<group>";
		};
		0A4CF1BA1BCDC89300309858 /* src */ = {
			isa = PBXGroup;
			children = (
				0A4CF1BD1BCDC8A200309858 /* Button.cpp */,
				0A4CF1C11BCDC8A200309858 /* ImageView.cpp */,
				0A4CF1C21BCDC8A200309858 /* Label.cpp */,
				0A4CF1C41BCDC8A200309858 /* Meter.cpp */,
				0A4CF1C51BCDC8A200309858 /* View.cpp */,
				0A4CF1C61BCDC8A200309858 /* ViewController.cpp */,
				0A4CF1F01BCDCFD000309858 /* SDLManager.cpp */,
			);
			name = src;
			sourceTree = "<group>";
		};
		0A4CF1BB1BCDC89700309858 /* include */ = {
			isa = PBXGroup;
			children = (
				0A4CF1D31BCDC8AC00309858 /* Button.h */,
				0A4CF1D71BCDC8AC00309858 /* IFSGUI.h */,
				0A4CF1D81BCDC8AC00309858 /* IFSGUISettings.h */,
				0A4CF1D91BCDC8AC00309858 /* ImageView.h */,
				0A4CF1DA1BCDC8AC00309858 /* Label.h */,
				0A4CF1DC1BCDC8AC00309858 /* Meter.h */,
				0A4CF1DD1BCDC8AC00309858 /* View.h */,
				0A4CF1DE1BCDC8AC00309858 /* ViewController.h */,
				0A4CF1EC1BCDC9E200309858 /* includes.h */,
				0A4CF1F41BCDCFFB00309858 /* SDLManager.h */,
			);
			name = include;
			sourceTree = "<group>";
		};
/* End PBXGroup section */

/* Begin PBXHeadersBuildPhase section */
		0A4CF1AE1BCDC79000309858 /* Headers */ = {
			isa = PBXHeadersBuildPhase;
			buildActionMask = 2147483647;
			files = (
				0A4CF1E41BCDC8AC00309858 /* IFSGUI.h in Headers */,
				0A4CF1E01BCDC8AC00309858 /* Button.h in Headers */,
				0A4CF1ED1BCDC9E200309858 /* includes.h in Headers */,
				0A4CF1E71BCDC8AC00309858 /* Label.h in Headers */,
				0A4CF1EA1BCDC8AC00309858 /* View.h in Headers */,
				0A4CF1E51BCDC8AC00309858 /* IFSGUISettings.h in Headers */,
				0A4CF1E91BCDC8AC00309858 /* Meter.h in Headers */,
				0A4CF1E61BCDC8AC00309858 /* ImageView.h in Headers */,
				0A4CF1EB1BCDC8AC00309858 /* ViewController.h in Headers */,
				0A4CF1F51BCDCFFB00309858 /* SDLManager.h in Headers */,
			);
			runOnlyForDeploymentPostprocessing = 0;
		};
/* End PBXHeadersBuildPhase section */

/* Begin PBXNativeTarget section */
		0A4CF1AF1BCDC79000309858 /* SDL_gui */ = {
			isa = PBXNativeTarget;
			buildConfigurationList = 0A4CF1B41BCDC79000309858 /* Build configuration list for PBXNativeTarget "SDL_gui" */;
			buildPhases = (
				0A4CF1AC1BCDC79000309858 /* Sources */,
				0A4CF1AD1BCDC79000309858 /* Frameworks */,
				0A4CF1AE1BCDC79000309858 /* Headers */,
			);
			buildRules = (
			);
			dependencies = (
			);
			name = SDL_gui;
			productName = SDL_gui;
			productReference = 0A4CF1B01BCDC79000309858 /* libSDL_gui.dylib */;
			productType = "com.apple.product-type.library.dynamic";
		};
/* End PBXNativeTarget section */

/* Begin PBXProject section */
		0A4CF1A81BCDC79000309858 /* Project object */ = {
			isa = PBXProject;
			attributes = {
				LastUpgradeCheck = 0700;
				ORGANIZATIONNAME = "Michael Ryan";
				TargetAttributes = {
					0A4CF1AF1BCDC79000309858 = {
						CreatedOnToolsVersion = 7.0.1;
					};
				};
			};
			buildConfigurationList = 0A4CF1AB1BCDC79000309858 /* Build configuration list for PBXProject "SDL_gui" */;
			compatibilityVersion = "Xcode 3.2";
			developmentRegion = English;
			hasScannedForEncodings = 0;
			knownRegions = (
				en,
			);
			mainGroup = 0A4CF1A71BCDC79000309858;
			productRefGroup = 0A4CF1B11BCDC79000309858 /* Products */;
			projectDirPath = "";
			projectRoot = "";
			targets = (
				0A4CF1AF1BCDC79000309858 /* SDL_gui */,
			);
		};
/* End PBXProject section */

/* Begin PBXSourcesBuildPhase section */
		0A4CF1AC1BCDC79000309858 /* Sources */ = {
			isa = PBXSourcesBuildPhase;
			buildActionMask = 2147483647;
			files = (
				0A4CF1D11BCDC8A200309858 /* ViewController.cpp in Sources */,
				0A4CF1CC1BCDC8A200309858 /* ImageView.cpp in Sources */,
				0A4CF1D01BCDC8A200309858 /* View.cpp in Sources */,
				0A4CF1C81BCDC8A200309858 /* Button.cpp in Sources */,
				0A4CF1F21BCDCFD000309858 /* SDLManager.cpp in Sources */,
				0A4CF1CF1BCDC8A200309858 /* Meter.cpp in Sources */,
				0A4CF1CD1BCDC8A200309858 /* Label.cpp in Sources */,
			);
			runOnlyForDeploymentPostprocessing = 0;
		};
/* End PBXSourcesBuildPhase section */

/* Begin XCBuildConfiguration section */
		0A4CF1B21BCDC79000309858 /* Debug */ = {
			isa = XCBuildConfiguration;
			buildSettings = {
				ALWAYS_SEARCH_USER_PATHS = NO;
				CLANG_CXX_LANGUAGE_STANDARD = "gnu++0x";
				CLANG_CXX_LIBRARY = "libc++";
				CLANG_ENABLE_MODULES = YES;
				CLANG_ENABLE_OBJC_ARC = YES;
				CLANG_WARN_BOOL_CONVERSION = YES;
				CLANG_WARN_CONSTANT_CONVERSION = YES;
				CLANG_WARN_DIRECT_OBJC_ISA_USAGE = YES_ERROR;
				CLANG_WARN_EMPTY_BODY = YES;
				CLANG_WARN_ENUM_CONVERSION = YES;
				CLANG_WARN_INT_CONVERSION = YES;
				CLANG_WARN_OBJC_ROOT_CLASS = YES_ERROR;
				CLANG_WARN_UNREACHABLE_CODE = YES;
				CLANG_WARN__DUPLICATE_METHOD_MATCH = YES;
				COPY_PHASE_STRIP = NO;
				DEBUG_INFORMATION_FORMAT = dwarf;
				ENABLE_STRICT_OBJC_MSGSEND = YES;
				ENABLE_TESTABILITY = YES;
				GCC_C_LANGUAGE_STANDARD = gnu99;
				GCC_DYNAMIC_NO_PIC = NO;
				GCC_NO_COMMON_BLOCKS = YES;
				GCC_OPTIMIZATION_LEVEL = 0;
				GCC_PREPROCESSOR_DEFINITIONS = (
					"DEBUG=1",
					"$(inherited)",
				);
				GCC_WARN_64_TO_32_BIT_CONVERSION = YES;
				GCC_WARN_ABOUT_RETURN_TYPE = YES_ERROR;
				GCC_WARN_UNDECLARED_SELECTOR = YES;
				GCC_WARN_UNINITIALIZED_AUTOS = YES_AGGRESSIVE;
				GCC_WARN_UNUSED_FUNCTION = YES;
				GCC_WARN_UNUSED_VARIABLE = YES;
				MACOSX_DEPLOYMENT_TARGET = 10.11;
				MTL_ENABLE_DEBUG_INFO = YES;
				ONLY_ACTIVE_ARCH = YES;
				SDKROOT = macosx;
			};
			name = Debug;
		};
		0A4CF1B31BCDC79000309858 /* Release */ = {
			isa = XCBuildConfiguration;
			buildSettings = {
				ALWAYS_SEARCH_USER_PATHS = NO;
				CLANG_CXX_LANGUAGE_STANDARD = "gnu++0x";
				CLANG_CXX_LIBRARY = "libc++";
				CLANG_ENABLE_MODULES = YES;
				CLANG_ENABLE_OBJC_ARC = YES;
				CLANG_WARN_BOOL_CONVERSION = YES;
				CLANG_WARN_CONSTANT_CONVERSION = YES;
				CLANG_WARN_DIRECT_OBJC_ISA_USAGE = YES_ERROR;
				CLANG_WARN_EMPTY_BODY = YES;
				CLANG_WARN_ENUM_CONVERSION = YES;
				CLANG_WARN_INT_CONVERSION = YES;
				CLANG_WARN_OBJC_ROOT_CLASS = YES_ERROR;
				CLANG_WARN_UNREACHABLE_CODE = YES;
				CLANG_WARN__DUPLICATE_METHOD_MATCH = YES;
				COPY_PHASE_STRIP = NO;
				DEBUG_INFORMATION_FORMAT = "dwarf-with-dsym";
				ENABLE_NS_ASSERTIONS = NO;
				ENABLE_STRICT_OBJC_MSGSEND = YES;
				GCC_C_LANGUAGE_STANDARD = gnu99;
				GCC_NO_COMMON_BLOCKS = YES;
				GCC_WARN_64_TO_32_BIT_CONVERSION = YES;
				GCC_WARN_ABOUT_RETURN_TYPE = YES_ERROR;
				GCC_WARN_UNDECLARED_SELECTOR = YES;
				GCC_WARN_UNINITIALIZED_AUTOS = YES_AGGRESSIVE;
				GCC_WARN_UNUSED_FUNCTION = YES;
				GCC_WARN_UNUSED_VARIABLE = YES;
				MACOSX_DEPLOYMENT_TARGET = 10.11;
				MTL_ENABLE_DEBUG_INFO = NO;
				SDKROOT = macosx;
			};
			name = Release;
		};
		0A4CF1B51BCDC79000309858 /* Debug */ = {
			isa = XCBuildConfiguration;
			buildSettings = {
				ARCHS = "$(ARCHS_STANDARD)";
				DYLIB_COMPATIBILITY_VERSION = 1;
				DYLIB_CURRENT_VERSION = 1;
				EXECUTABLE_PREFIX = lib;
				HEADER_SEARCH_PATHS = (
					/usr/local/Cellar/sdl2_ttf/2.0.12/include/SDL2,
					/usr/local/Cellar/sdl2_image/2.0.0_1/include/SDL2,
					/usr/local/Cellar/sdl2_mixer/2.0.0/include/SDL2,
					/usr/local/Cellar/sdl2/2.0.3/include/SDL2,
					/usr/local/Cellar/boost/1.58.0/include,
				);
				LIBRARY_SEARCH_PATHS = (
					/usr/local/Cellar/sdl2/2.0.3/lib,
					/usr/local/Cellar/sdl2_image/2.0.0_1/lib,
					/usr/local/Cellar/sdl2_mixer/2.0.0/lib,
					/usr/local/Cellar/boost/1.58.0/lib,
					/usr/local/Cellar/sdl2_ttf/2.0.12/lib,
				);
				PRODUCT_NAME = "$(TARGET_NAME)";
			};
			name = Debug;
		};
		0A4CF1B61BCDC79000309858 /* Release */ = {
			isa = XCBuildConfiguration;
			buildSettings = {
				ARCHS = "$(ARCHS_STANDARD)";
				DYLIB_COMPATIBILITY_VERSION = 1;
				DYLIB_CURRENT_VERSION = 1;
				EXECUTABLE_PREFIX = lib;
				HEADER_SEARCH_PATHS = (
					/usr/local/Cellar/sdl2_ttf/2.0.12/include/SDL2,
					/usr/local/Cellar/sdl2_image/2.0.0_1/include/SDL2,
					/usr/local/Cellar/sdl2_mixer/2.0.0/include/SDL2,
					/usr/local/Cellar/sdl2/2.0.3/include/SDL2,
					/usr/local/Cellar/boost/1.58.0/include,
				);
				LIBRARY_SEARCH_PATHS = (
					/usr/local/Cellar/sdl2/2.0.3/lib,
					/usr/local/Cellar/sdl2_image/2.0.0_1/lib,
					/usr/local/Cellar/sdl2_mixer/2.0.0/lib,
					/usr/local/Cellar/boost/1.58.0/lib,
					/usr/local/Cellar/sdl2_ttf/2.0.12/lib,
				);
				PRODUCT_NAME = "$(TARGET_NAME)";
			};
			name = Release;
		};
/* End XCBuildConfiguration section */

/* Begin XCConfigurationList section */
		0A4CF1AB1BCDC79000309858 /* Build configuration list for PBXProject "SDL_gui" */ = {
			isa = XCConfigurationList;
			buildConfigurations = (
				0A4CF1B21BCDC79000309858 /* Debug */,
				0A4CF1B31BCDC79000309858 /* Release */,
			);
			defaultConfigurationIsVisible = 0;
			defaultConfigurationName = Release;
		};
		0A4CF1B41BCDC79000309858 /* Build configuration list for PBXNativeTarget "SDL_gui" */ = {
			isa = XCConfigurationList;
			buildConfigurations = (
				0A4CF1B51BCDC79000309858 /* Debug */,
				0A4CF1B61BCDC79000309858 /* Release */,
			);
			defaultConfigurationIsVisible = 0;
		};
/* End XCConfigurationList section */
	};
	rootObject = 0A4CF1A81BCDC79000309858 /* Project object */;
}
